<?xml version="1.0" encoding="utf-8"?>
<Project ToolsVersion="4.0" xmlns="http://schemas.microsoft.com/developer/msbuild/2003">
  <ItemGroup>
    <Filter Include="Source Files">
      <UniqueIdentifier>{4FC737F1-C7A5-4376-A066-2A32D752A2FF}</UniqueIdentifier>
      <Extensions>cpp;c;cc;cxx;def;odl;idl;hpj;bat;asm;asmx</Extensions>
    </Filter>
    <Filter Include="Header Files">
      <UniqueIdentifier>{93995380-89BD-4b04-88EB-625FBE52EBFB}</UniqueIdentifier>
      <Extensions>h;hpp;hxx;hm;inl;inc;xsd</Extensions>
    </Filter>
    <Filter Include="Resource Files">
      <UniqueIdentifier>{67DA6AB6-F800-4c08-8B7A-83BB121AAD01}</UniqueIdentifier>
      <Extensions>rc;ico;cur;bmp;dlg;rc2;rct;bin;rgs;gif;jpg;jpeg;jpe;resx;tiff;tif;png;wav;mfcribbon-ms</Extensions>
    </Filter>
    <Filter Include="Wrapper">
      <UniqueIdentifier>{8845e27a-65dc-400c-a727-67da9231c6c3}</UniqueIdentifier>
    </Filter>
    <Filter Include="Utility">
      <UniqueIdentifier>{b2b132a8-b5a5-44aa-8742-cd4a88bc8c29}</UniqueIdentifier>
    </Filter>
    <Filter Include="Shaders">
      <UniqueIdentifier>{ddebb2e6-b629-4bd1-a0ad-30f9dd5da7b5}</UniqueIdentifier>
    </Filter>
  </ItemGroup>
  <ItemGroup>
    <ClInclude Include="Source\Camera.h">
      <Filter>Header Files</Filter>
    </ClInclude>
    <ClInclude Include="Source\GraphicsEngineImpl.h">
      <Filter>Header Files</Filter>
    </ClInclude>
    <ClInclude Include="Source\GraphicsEngineParameters.h">
      <Filter>Header Files</Filter>
    </ClInclude>
    <ClInclude Include="Source\Queue.h">
      <Filter>Utility</Filter>
    </ClInclude>
    <ClInclude Include="Source\Process.h">
      <Filter>Utility</Filter>
    </ClInclude>
    <ClInclude Include="Source\DirectX.h">
      <Filter>Utility</Filter>
    </ClInclude>
    <ClInclude Include="Source\List.h">
      <Filter>Utility</Filter>
    </ClInclude>
    <ClInclude Include="Source\KeyListener.h">
      <Filter>Header Files</Filter>
    </ClInclude>
    <ClInclude Include="Source\DxManager.h">
      <Filter>Header Files</Filter>
    </ClInclude>
    <ClInclude Include="Source\Exceptions.h">
      <Filter>Utility</Filter>
    </ClInclude>
    <ClInclude Include="Source\ObjLoader.h">
      <Filter>Header Files</Filter>
    </ClInclude>
    <ClInclude Include="Source\Mesh.h">
      <Filter>Header Files</Filter>
    </ClInclude>
    <ClInclude Include="Source\Shader.h">
      <Filter>Header Files</Filter>
    </ClInclude>
    <ClInclude Include="Source\Buffer.h">
      <Filter>Header Files</Filter>
    </ClInclude>
    <ClInclude Include="..\Shared\Cjen.h">
      <Filter>Utility</Filter>
    </ClInclude>
    <ClInclude Include="..\Shared\CjenFileDebug.h">
      <Filter>Utility</Filter>
    </ClInclude>
    <ClInclude Include="..\Shared\GameTimer.h">
      <Filter>Utility</Filter>
    </ClInclude>
    <ClInclude Include="Source\Object3D.h">
      <Filter>Header Files</Filter>
    </ClInclude>
    <ClInclude Include="Source\TextureResource.h">
      <Filter>Header Files</Filter>
    </ClInclude>
    <ClInclude Include="Source\ResourceManager.h">
      <Filter>Header Files</Filter>
    </ClInclude>
    <ClInclude Include="Source\BufferResource.h">
      <Filter>Header Files</Filter>
    </ClInclude>
    <ClInclude Include="..\Include\GraphicsEngine.h">
      <Filter>Wrapper</Filter>
    </ClInclude>
    <ClInclude Include="..\Include\iCamera.h">
      <Filter>Wrapper</Filter>
    </ClInclude>
    <ClInclude Include="..\Include\iGraphicsEngineParams.h">
      <Filter>Wrapper</Filter>
    </ClInclude>
    <ClInclude Include="..\Include\iKeyListener.h">
      <Filter>Wrapper</Filter>
    </ClInclude>
    <ClInclude Include="..\Include\iMesh.h">
      <Filter>Wrapper</Filter>
    </ClInclude>
    <ClInclude Include="..\Include\Matrix.h">
      <Filter>Wrapper</Filter>
    </ClInclude>
    <ClInclude Include="..\Include\Vector.h">
      <Filter>Wrapper</Filter>
    </ClInclude>
    <ClInclude Include="Source\Vertex.h">
      <Filter>Header Files</Filter>
    </ClInclude>
    <ClInclude Include="Source\StaticMesh.h">
      <Filter>Header Files</Filter>
    </ClInclude>
    <ClInclude Include="Source\ReferenceCounted.h">
      <Filter>Header Files</Filter>
    </ClInclude>
    <ClInclude Include="Source\MeshStrip.h">
      <Filter>Header Files</Filter>
    </ClInclude>
    <ClInclude Include="Source\MeshStripResource.h">
      <Filter>Header Files</Filter>
    </ClInclude>
    <ClInclude Include="Source\ObjectDataResource.h">
      <Filter>Header Files</Filter>
    </ClInclude>
    <ClInclude Include="Source\Material.h">
      <Filter>Header Files</Filter>
    </ClInclude>
    <ClInclude Include="Source\SkyBox.h">
      <Filter>Header Files</Filter>
    </ClInclude>
    <ClInclude Include="Source\QuadRenderer.h">
      <Filter>Header Files</Filter>
    </ClInclude>
    <ClInclude Include="Source\Terrain.h">
      <Filter>Header Files</Filter>
    </ClInclude>
    <ClInclude Include="..\Include\iTerrain.h">
      <Filter>Wrapper</Filter>
    </ClInclude>
    <ClInclude Include="..\Shared\FpsUtil.h">
      <Filter>Utility</Filter>
    </ClInclude>
    <ClInclude Include="Source\Image.h">
      <Filter>Header Files</Filter>
    </ClInclude>
    <ClInclude Include="..\Include\iImage.h">
      <Filter>Wrapper</Filter>
    </ClInclude>
    <ClInclude Include="..\Include\iText.h">
      <Filter>Wrapper</Filter>
    </ClInclude>
    <ClInclude Include="Source\Text.h">
      <Filter>Header Files</Filter>
    </ClInclude>
    <ClInclude Include="Source\MaloWPerformance.h">
      <Filter>Header Files</Filter>
    </ClInclude>
    <ClInclude Include="Source\Sphere.h">
      <Filter>Header Files</Filter>
    </ClInclude>
    <ClInclude Include="Source\PointLight.h">
      <Filter>Header Files</Filter>
    </ClInclude>
    <ClInclude Include="..\Include\iPointLight.h">
      <Filter>Wrapper</Filter>
    </ClInclude>
    <ClInclude Include="Source\DxManager_Events.h">
      <Filter>Header Files</Filter>
    </ClInclude>
    <ClInclude Include="Source\HeightMap.h">
      <Filter>Header Files</Filter>
    </ClInclude>
    <ClInclude Include="Source\SpotLight.h">
      <Filter>Header Files</Filter>
    </ClInclude>
    <ClInclude Include="..\Include\iSpotLight.h">
      <Filter>Wrapper</Filter>
    </ClInclude>
    <ClInclude Include="..\Include\iWaterPlane.h">
      <Filter>Wrapper</Filter>
    </ClInclude>
    <ClInclude Include="Source\WaterPlane.h">
      <Filter>Header Files</Filter>
    </ClInclude>
  </ItemGroup>
  <ItemGroup>
    <ClCompile Include="Source\Camera.cpp">
      <Filter>Source Files</Filter>
    </ClCompile>
    <ClCompile Include="Source\GraphicsEngineImpl.cpp">
      <Filter>Source Files</Filter>
    </ClCompile>
    <ClCompile Include="Source\GraphicsEngineParameters.cpp">
      <Filter>Source Files</Filter>
    </ClCompile>
    <ClCompile Include="Source\Process.cpp">
      <Filter>Utility</Filter>
    </ClCompile>
    <ClCompile Include="Source\KeyListener.cpp">
      <Filter>Source Files</Filter>
    </ClCompile>
    <ClCompile Include="Source\DxManager.cpp">
      <Filter>Source Files</Filter>
    </ClCompile>
    <ClCompile Include="Source\GraphicsEngine.cpp">
      <Filter>Source Files</Filter>
    </ClCompile>
    <ClCompile Include="Source\Exceptions.cpp">
      <Filter>Utility</Filter>
    </ClCompile>
    <ClCompile Include="Source\ObjLoader.cpp">
      <Filter>Source Files</Filter>
    </ClCompile>
    <ClCompile Include="Source\Mesh.cpp">
      <Filter>Source Files</Filter>
    </ClCompile>
    <ClCompile Include="Source\Shader.cpp">
      <Filter>Source Files</Filter>
    </ClCompile>
    <ClCompile Include="Source\Buffer.cpp">
      <Filter>Source Files</Filter>
    </ClCompile>
    <ClCompile Include="..\Shared\GameTimer.cpp">
      <Filter>Utility</Filter>
    </ClCompile>
    <ClCompile Include="Source\Object3D.cpp">
      <Filter>Source Files</Filter>
    </ClCompile>
    <ClCompile Include="Source\TextureResource.cpp">
      <Filter>Source Files</Filter>
    </ClCompile>
    <ClCompile Include="Source\ResourceManager.cpp">
      <Filter>Source Files</Filter>
    </ClCompile>
    <ClCompile Include="Source\BufferResource.cpp">
      <Filter>Source Files</Filter>
    </ClCompile>
    <ClCompile Include="Source\StaticMesh.cpp">
      <Filter>Source Files</Filter>
    </ClCompile>
    <ClCompile Include="Source\MeshStrip.cpp">
      <Filter>Source Files</Filter>
    </ClCompile>
    <ClCompile Include="Source\MeshStripResource.cpp">
      <Filter>Source Files</Filter>
    </ClCompile>
    <ClCompile Include="Source\ObjectDataResource.cpp">
      <Filter>Source Files</Filter>
    </ClCompile>
    <ClCompile Include="Source\SkyBox.cpp">
      <Filter>Source Files</Filter>
    </ClCompile>
    <ClCompile Include="Source\QuadRenderer.cpp">
      <Filter>Source Files</Filter>
    </ClCompile>
    <ClCompile Include="Source\Terrain.cpp">
      <Filter>Source Files</Filter>
    </ClCompile>
    <ClCompile Include="..\Shared\FpsUtil.cpp">
      <Filter>Utility</Filter>
    </ClCompile>
    <ClCompile Include="Source\Image.cpp">
      <Filter>Source Files</Filter>
    </ClCompile>
    <ClCompile Include="Source\Text.cpp">
      <Filter>Source Files</Filter>
    </ClCompile>
    <ClCompile Include="Source\MaloWPerformance.cpp">
      <Filter>Source Files</Filter>
    </ClCompile>
    <ClCompile Include="Source\Sphere.cpp">
      <Filter>Source Files</Filter>
    </ClCompile>
    <ClCompile Include="Source\PointLight.cpp">
      <Filter>Source Files</Filter>
    </ClCompile>
    <ClCompile Include="Source\DxManager_Rendering.cpp">
      <Filter>Source Files</Filter>
    </ClCompile>
    <ClCompile Include="Source\DxManager_EventHandling.cpp">
      <Filter>Source Files</Filter>
    </ClCompile>
    <ClCompile Include="Source\HeightMap.cpp">
      <Filter>Source Files</Filter>
    </ClCompile>
    <ClCompile Include="Source\SpotLight.cpp">
      <Filter>Source Files</Filter>
    </ClCompile>
    <ClCompile Include="Source\WaterPlane.cpp">
      <Filter>Source Files</Filter>
    </ClCompile>
  </ItemGroup>
  <ItemGroup>
    <FxCompile Include="..\WorkingDir\Shaders\DeferredGeometry.fx">
      <Filter>Shaders</Filter>
    </FxCompile>
    <FxCompile Include="..\WorkingDir\Shaders\SkyBox.fx">
      <Filter>Shaders</Filter>
    </FxCompile>
    <FxCompile Include="..\WorkingDir\Shaders\FinalShader.fx">
      <Filter>Shaders</Filter>
    </FxCompile>
    <FxCompile Include="..\WorkingDir\Shaders\ShaderResourceDebug.fx">
      <Filter>Shaders</Filter>
    </FxCompile>
    <FxCompile Include="..\WorkingDir\Shaders\ImageRenderer.fx">
      <Filter>Shaders</Filter>
    </FxCompile>
    <FxCompile Include="..\WorkingDir\Shaders\TextRenderer.fx">
      <Filter>Shaders</Filter>
    </FxCompile>
    <FxCompile Include="..\WorkingDir\Shaders\PointLight.fx">
      <Filter>Shaders</Filter>
    </FxCompile>
    <FxCompile Include="..\WorkingDir\Shaders\DeferredGeometryTerrain.fx">
      <Filter>Shaders</Filter>
    </FxCompile>
    <FxCompile Include="..\WorkingDir\Shaders\CubeShadowMap.fx">
      <Filter>Shaders</Filter>
    </FxCompile>
    <FxCompile Include="..\WorkingDir\Shaders\ShadowMapDebug.fx">
      <Filter>Shaders</Filter>
    </FxCompile>
    <FxCompile Include="..\WorkingDir\Shaders\SpotLight.fx">
      <Filter>Shaders</Filter>
    </FxCompile>
    <FxCompile Include="..\WorkingDir\Shaders\Water.fx">
      <Filter>Shaders</Filter>
    </FxCompile>
    <FxCompile Include="..\WorkingDir\Shaders\DeferredGeometryTerrainTessellation.fx">
      <Filter>Shaders</Filter>
    </FxCompile>
  </ItemGroup>
</Project>